// !$*UTF8*$!
{
	archiveVersion = 1;
	classes = {
	};
	objectVersion = 50;
	objects = {

/* Begin PBXBuildFile section */
		18B4F9A221C7719B00A49B94 /* AppDelegate.swift in Sources */ = {isa = PBXBuildFile; fileRef = 18B4F9A121C7719B00A49B94 /* AppDelegate.swift */; };
		18B4F9A421C7719B00A49B94 /* ViewController.swift in Sources */ = {isa = PBXBuildFile; fileRef = 18B4F9A321C7719B00A49B94 /* ViewController.swift */; };
		18B4F9A721C7719B00A49B94 /* Main.storyboard in Resources */ = {isa = PBXBuildFile; fileRef = 18B4F9A521C7719B00A49B94 /* Main.storyboard */; };
		18B4F9A921C7719E00A49B94 /* Assets.xcassets in Resources */ = {isa = PBXBuildFile; fileRef = 18B4F9A821C7719E00A49B94 /* Assets.xcassets */; };
		18B4F9AC21C7719E00A49B94 /* LaunchScreen.storyboard in Resources */ = {isa = PBXBuildFile; fileRef = 18B4F9AA21C7719E00A49B94 /* LaunchScreen.storyboard */; };
		18B4F9B721C7719E00A49B94 /* SegmentsTests.swift in Sources */ = {isa = PBXBuildFile; fileRef = 18B4F9B621C7719E00A49B94 /* SegmentsTests.swift */; };
		18B4F9C221C7719E00A49B94 /* SegmentsUITests.swift in Sources */ = {isa = PBXBuildFile; fileRef = 18B4F9C121C7719E00A49B94 /* SegmentsUITests.swift */; };
/* End PBXBuildFile section */

/* Begin PBXContainerItemProxy section */
		18B4F9B321C7719E00A49B94 /* PBXContainerItemProxy */ = {
			isa = PBXContainerItemProxy;
			containerPortal = 18B4F99621C7719B00A49B94 /* Project object */;
			proxyType = 1;
			remoteGlobalIDString = 18B4F99D21C7719B00A49B94;
			remoteInfo = Segments;
		};
		18B4F9BE21C7719E00A49B94 /* PBXContainerItemProxy */ = {
			isa = PBXContainerItemProxy;
			containerPortal = 18B4F99621C7719B00A49B94 /* Project object */;
			proxyType = 1;
			remoteGlobalIDString = 18B4F99D21C7719B00A49B94;
			remoteInfo = Segments;
		};
/* End PBXContainerItemProxy section */

/* Begin PBXFileReference section */
		18B4F99E21C7719B00A49B94 /* Segments.app */ = {isa = PBXFileReference; explicitFileType = wrapper.application; includeInIndex = 0; path = Segments.app; sourceTree = BUILT_PRODUCTS_DIR; };
		18B4F9A121C7719B00A49B94 /* AppDelegate.swift */ = {isa = PBXFileReference; lastKnownFileType = sourcecode.swift; path = AppDelegate.swift; sourceTree = "<group>"; };
		18B4F9A321C7719B00A49B94 /* ViewController.swift */ = {isa = PBXFileReference; lastKnownFileType = sourcecode.swift; path = ViewController.swift; sourceTree = "<group>"; };
		18B4F9A621C7719B00A49B94 /* Base */ = {isa = PBXFileReference; lastKnownFileType = file.storyboard; name = Base; path = Base.lproj/Main.storyboard; sourceTree = "<group>"; };
		18B4F9A821C7719E00A49B94 /* Assets.xcassets */ = {isa = PBXFileReference; lastKnownFileType = folder.assetcatalog; path = Assets.xcassets; sourceTree = "<group>"; };
		18B4F9AB21C7719E00A49B94 /* Base */ = {isa = PBXFileReference; lastKnownFileType = file.storyboard; name = Base; path = Base.lproj/LaunchScreen.storyboard; sourceTree = "<group>"; };
		18B4F9AD21C7719E00A49B94 /* Info.plist */ = {isa = PBXFileReference; lastKnownFileType = text.plist.xml; path = Info.plist; sourceTree = "<group>"; };
		18B4F9B221C7719E00A49B94 /* SegmentsTests.xctest */ = {isa = PBXFileReference; explicitFileType = wrapper.cfbundle; includeInIndex = 0; path = SegmentsTests.xctest; sourceTree = BUILT_PRODUCTS_DIR; };
		18B4F9B621C7719E00A49B94 /* SegmentsTests.swift */ = {isa = PBXFileReference; lastKnownFileType = sourcecode.swift; path = SegmentsTests.swift; sourceTree = "<group>"; };
		18B4F9B821C7719E00A49B94 /* Info.plist */ = {isa = PBXFileReference; lastKnownFileType = text.plist.xml; path = Info.plist; sourceTree = "<group>"; };
		18B4F9BD21C7719E00A49B94 /* SegmentsUITests.xctest */ = {isa = PBXFileReference; explicitFileType = wrapper.cfbundle; includeInIndex = 0; path = SegmentsUITests.xctest; sourceTree = BUILT_PRODUCTS_DIR; };
		18B4F9C121C7719E00A49B94 /* SegmentsUITests.swift */ = {isa = PBXFileReference; lastKnownFileType = sourcecode.swift; path = SegmentsUITests.swift; sourceTree = "<group>"; };
		18B4F9C321C7719E00A49B94 /* Info.plist */ = {isa = PBXFileReference; lastKnownFileType = text.plist.xml; path = Info.plist; sourceTree = "<group>"; };
/* End PBXFileReference section */

/* Begin PBXFrameworksBuildPhase section */
		18B4F99B21C7719B00A49B94 /* Frameworks */ = {
			isa = PBXFrameworksBuildPhase;
			buildActionMask = 2147483647;
			files = (
			);
			runOnlyForDeploymentPostprocessing = 0;
		};
		18B4F9AF21C7719E00A49B94 /* Frameworks */ = {
			isa = PBXFrameworksBuildPhase;
			buildActionMask = 2147483647;
			files = (
			);
			runOnlyForDeploymentPostprocessing = 0;
		};
		18B4F9BA21C7719E00A49B94 /* Frameworks */ = {
			isa = PBXFrameworksBuildPhase;
			buildActionMask = 2147483647;
			files = (
			);
			runOnlyForDeploymentPostprocessing = 0;
		};
/* End PBXFrameworksBuildPhase section */

/* Begin PBXGroup section */
		18B4F99521C7719B00A49B94 = {
			isa = PBXGroup;
			children = (
				18B4F9A021C7719B00A49B94 /* Segments */,
				18B4F9B521C7719E00A49B94 /* SegmentsTests */,
				18B4F9C021C7719E00A49B94 /* SegmentsUITests */,
				18B4F99F21C7719B00A49B94 /* Products */,
			);
			sourceTree = "<group>";
		};
		18B4F99F21C7719B00A49B94 /* Products */ = {
			isa = PBXGroup;
			children = (
				18B4F99E21C7719B00A49B94 /* Segments.app */,
				18B4F9B221C7719E00A49B94 /* SegmentsTests.xctest */,
				18B4F9BD21C7719E00A49B94 /* SegmentsUITests.xctest */,
			);
			name = Products;
			sourceTree = "<group>";
		};
		18B4F9A021C7719B00A49B94 /* Segments */ = {
			isa = PBXGroup;
			children = (
				18B4F9A121C7719B00A49B94 /* AppDelegate.swift */,
				18B4F9A321C7719B00A49B94 /* ViewController.swift */,
				18B4F9A521C7719B00A49B94 /* Main.storyboard */,
				18B4F9A821C7719E00A49B94 /* Assets.xcassets */,
				18B4F9AA21C7719E00A49B94 /* LaunchScreen.storyboard */,
				18B4F9AD21C7719E00A49B94 /* Info.plist */,
			);
			path = Segments;
			sourceTree = "<group>";
		};
		18B4F9B521C7719E00A49B94 /* SegmentsTests */ = {
			isa = PBXGroup;
			children = (
				18B4F9B621C7719E00A49B94 /* SegmentsTests.swift */,
				18B4F9B821C7719E00A49B94 /* Info.plist */,
			);
			path = SegmentsTests;
			sourceTree = "<group>";
		};
		18B4F9C021C7719E00A49B94 /* SegmentsUITests */ = {
			isa = PBXGroup;
			children = (
				18B4F9C121C7719E00A49B94 /* SegmentsUITests.swift */,
				18B4F9C321C7719E00A49B94 /* Info.plist */,
			);
			path = SegmentsUITests;
			sourceTree = "<group>";
		};
/* End PBXGroup section */

/* Begin PBXNativeTarget section */
		18B4F99D21C7719B00A49B94 /* Segments */ = {
			isa = PBXNativeTarget;
			buildConfigurationList = 18B4F9C621C7719E00A49B94 /* Build configuration list for PBXNativeTarget "Segments" */;
			buildPhases = (
				18B4F99A21C7719B00A49B94 /* Sources */,
				18B4F99B21C7719B00A49B94 /* Frameworks */,
				18B4F99C21C7719B00A49B94 /* Resources */,
			);
			buildRules = (
			);
			dependencies = (
			);
			name = Segments;
			productName = Segments;
			productReference = 18B4F99E21C7719B00A49B94 /* Segments.app */;
			productType = "com.apple.product-type.application";
		};
		18B4F9B121C7719E00A49B94 /* SegmentsTests */ = {
			isa = PBXNativeTarget;
			buildConfigurationList = 18B4F9C921C7719E00A49B94 /* Build configuration list for PBXNativeTarget "SegmentsTests" */;
			buildPhases = (
				18B4F9AE21C7719E00A49B94 /* Sources */,
				18B4F9AF21C7719E00A49B94 /* Frameworks */,
				18B4F9B021C7719E00A49B94 /* Resources */,
			);
			buildRules = (
			);
			dependencies = (
				18B4F9B421C7719E00A49B94 /* PBXTargetDependency */,
			);
			name = SegmentsTests;
			productName = SegmentsTests;
			productReference = 18B4F9B221C7719E00A49B94 /* SegmentsTests.xctest */;
			productType = "com.apple.product-type.bundle.unit-test";
		};
		18B4F9BC21C7719E00A49B94 /* SegmentsUITests */ = {
			isa = PBXNativeTarget;
			buildConfigurationList = 18B4F9CC21C7719E00A49B94 /* Build configuration list for PBXNativeTarget "SegmentsUITests" */;
			buildPhases = (
				18B4F9B921C7719E00A49B94 /* Sources */,
				18B4F9BA21C7719E00A49B94 /* Frameworks */,
				18B4F9BB21C7719E00A49B94 /* Resources */,
			);
			buildRules = (
			);
			dependencies = (
				18B4F9BF21C7719E00A49B94 /* PBXTargetDependency */,
			);
			name = SegmentsUITests;
			productName = SegmentsUITests;
			productReference = 18B4F9BD21C7719E00A49B94 /* SegmentsUITests.xctest */;
			productType = "com.apple.product-type.bundle.ui-testing";
		};
/* End PBXNativeTarget section */

/* Begin PBXProject section */
		18B4F99621C7719B00A49B94 /* Project object */ = {
			isa = PBXProject;
			attributes = {
				LastSwiftUpdateCheck = 1010;
				LastUpgradeCheck = 1010;
				ORGANIZATIONNAME = Seraphic;
				TargetAttributes = {
					18B4F99D21C7719B00A49B94 = {
						CreatedOnToolsVersion = 10.1;
					};
					18B4F9B121C7719E00A49B94 = {
						CreatedOnToolsVersion = 10.1;
						TestTargetID = 18B4F99D21C7719B00A49B94;
					};
					18B4F9BC21C7719E00A49B94 = {
						CreatedOnToolsVersion = 10.1;
						TestTargetID = 18B4F99D21C7719B00A49B94;
					};
				};
			};
			buildConfigurationList = 18B4F99921C7719B00A49B94 /* Build configuration list for PBXProject "Segments" */;
			compatibilityVersion = "Xcode 9.3";
			developmentRegion = en;
			hasScannedForEncodings = 0;
			knownRegions = (
				en,
				Base,
			);
			mainGroup = 18B4F99521C7719B00A49B94;
			productRefGroup = 18B4F99F21C7719B00A49B94 /* Products */;
			projectDirPath = "";
			projectRoot = "";
			targets = (
				18B4F99D21C7719B00A49B94 /* Segments */,
				18B4F9B121C7719E00A49B94 /* SegmentsTests */,
				18B4F9BC21C7719E00A49B94 /* SegmentsUITests */,
			);
		};
/* End PBXProject section */

/* Begin PBXResourcesBuildPhase section */
		18B4F99C21C7719B00A49B94 /* Resources */ = {
			isa = PBXResourcesBuildPhase;
			buildActionMask = 2147483647;
			files = (
				18B4F9AC21C7719E00A49B94 /* LaunchScreen.storyboard in Resources */,
				18B4F9A921C7719E00A49B94 /* Assets.xcassets in Resources */,
				18B4F9A721C7719B00A49B94 /* Main.storyboard in Resources */,
			);
			runOnlyForDeploymentPostprocessing = 0;
		};
		18B4F9B021C7719E00A49B94 /* Resources */ = {
			isa = PBXResourcesBuildPhase;
			buildActionMask = 2147483647;
			files = (
			);
			runOnlyForDeploymentPostprocessing = 0;
		};
		18B4F9BB21C7719E00A49B94 /* Resources */ = {
			isa = PBXResourcesBuildPhase;
			buildActionMask = 2147483647;
			files = (
			);
			runOnlyForDeploymentPostprocessing = 0;
		};
/* End PBXResourcesBuildPhase section */

/* Begin PBXSourcesBuildPhase section */
		18B4F99A21C7719B00A49B94 /* Sources */ = {
			isa = PBXSourcesBuildPhase;
			buildActionMask = 2147483647;
			files = (
				18B4F9A421C7719B00A49B94 /* ViewController.swift in Sources */,
				18B4F9A221C7719B00A49B94 /* AppDelegate.swift in Sources */,
			);
			runOnlyForDeploymentPostprocessing = 0;
		};
		18B4F9AE21C7719E00A49B94 /* Sources */ = {
			isa = PBXSourcesBuildPhase;
			buildActionMask = 2147483647;
			files = (
				18B4F9B721C7719E00A49B94 /* SegmentsTests.swift in Sources */,
			);
			runOnlyForDeploymentPostprocessing = 0;
		};
		18B4F9B921C7719E00A49B94 /* Sources */ = {
			isa = PBXSourcesBuildPhase;
			buildActionMask = 2147483647;
			files = (
				18B4F9C221C7719E00A49B94 /* SegmentsUITests.swift in Sources */,
			);
			runOnlyForDeploymentPostprocessing = 0;
		};
/* End PBXSourcesBuildPhase section */

/* Begin PBXTargetDependency section */
		18B4F9B421C7719E00A49B94 /* PBXTargetDependency */ = {
			isa = PBXTargetDependency;
			target = 18B4F99D21C7719B00A49B94 /* Segments */;
			targetProxy = 18B4F9B321C7719E00A49B94 /* PBXContainerItemProxy */;
		};
		18B4F9BF21C7719E00A49B94 /* PBXTargetDependency */ = {
			isa = PBXTargetDependency;
			target = 18B4F99D21C7719B00A49B94 /* Segments */;
			targetProxy = 18B4F9BE21C7719E00A49B94 /* PBXContainerItemProxy */;
		};
/* End PBXTargetDependency section */

/* Begin PBXVariantGroup section */
		18B4F9A521C7719B00A49B94 /* Main.storyboard */ = {
			isa = PBXVariantGroup;
			children = (
				18B4F9A621C7719B00A49B94 /* Base */,
			);
			name = Main.storyboard;
			sourceTree = "<group>";
		};
		18B4F9AA21C7719E00A49B94 /* LaunchScreen.storyboard */ = {
			isa = PBXVariantGroup;
			children = (
				18B4F9AB21C7719E00A49B94 /* Base */,
			);
			name = LaunchScreen.storyboard;
			sourceTree = "<group>";
		};
/* End PBXVariantGroup section */

/* Begin XCBuildConfiguration section */
		18B4F9C421C7719E00A49B94 /* Debug */ = {
			isa = XCBuildConfiguration;
			buildSettings = {
				ALWAYS_SEARCH_USER_PATHS = NO;
				CLANG_ANALYZER_NONNULL = YES;
				CLANG_ANALYZER_NUMBER_OBJECT_CONVERSION = YES_AGGRESSIVE;
				CLANG_CXX_LANGUAGE_STANDARD = "gnu++14";
				CLANG_CXX_LIBRARY = "libc++";
				CLANG_ENABLE_MODULES = YES;
				CLANG_ENABLE_OBJC_ARC = YES;
				CLANG_ENABLE_OBJC_WEAK = YES;
				CLANG_WARN_BLOCK_CAPTURE_AUTORELEASING = YES;
				CLANG_WARN_BOOL_CONVERSION = YES;
				CLANG_WARN_COMMA = YES;
				CLANG_WARN_CONSTANT_CONVERSION = YES;
				CLANG_WARN_DEPRECATED_OBJC_IMPLEMENTATIONS = YES;
				CLANG_WARN_DIRECT_OBJC_ISA_USAGE = YES_ERROR;
				CLANG_WARN_DOCUMENTATION_COMMENTS = YES;
				CLANG_WARN_EMPTY_BODY = YES;
				CLANG_WARN_ENUM_CONVERSION = YES;
				CLANG_WARN_INFINITE_RECURSION = YES;
				CLANG_WARN_INT_CONVERSION = YES;
				CLANG_WARN_NON_LITERAL_NULL_CONVERSION = YES;
				CLANG_WARN_OBJC_IMPLICIT_RETAIN_SELF = YES;
				CLANG_WARN_OBJC_LITERAL_CONVERSION = YES;
				CLANG_WARN_OBJC_ROOT_CLASS = YES_ERROR;
				CLANG_WARN_RANGE_LOOP_ANALYSIS = YES;
				CLANG_WARN_STRICT_PROTOTYPES = YES;
				CLANG_WARN_SUSPICIOUS_MOVE = YES;
				CLANG_WARN_UNGUARDED_AVAILABILITY = YES_AGGRESSIVE;
				CLANG_WARN_UNREACHABLE_CODE = YES;
				CLANG_WARN__DUPLICATE_METHOD_MATCH = YES;
				CODE_SIGN_IDENTITY = "iPhone Developer";
				COPY_PHASE_STRIP = NO;
				DEBUG_INFORMATION_FORMAT = dwarf;
				ENABLE_STRICT_OBJC_MSGSEND = YES;
				ENABLE_TESTABILITY = YES;
				GCC_C_LANGUAGE_STANDARD = gnu11;
				GCC_DYNAMIC_NO_PIC = NO;
				GCC_NO_COMMON_BLOCKS = YES;
				GCC_OPTIMIZATION_LEVEL = 0;
				GCC_PREPROCESSOR_DEFINITIONS = (
					"DEBUG=1",
					"$(inherited)",
				);
				GCC_WARN_64_TO_32_BIT_CONVERSION = YES;
				GCC_WARN_ABOUT_RETURN_TYPE = YES_ERROR;
				GCC_WARN_UNDECLARED_SELECTOR = YES;
				GCC_WARN_UNINITIALIZED_AUTOS = YES_AGGRESSIVE;
				GCC_WARN_UNUSED_FUNCTION = YES;
				GCC_WARN_UNUSED_VARIABLE = YES;
				IPHONEOS_DEPLOYMENT_TARGET = 12.1;
				MTL_ENABLE_DEBUG_INFO = INCLUDE_SOURCE;
				MTL_FAST_MATH = YES;
				ONLY_ACTIVE_ARCH = YES;
				SDKROOT = iphoneos;
				SWIFT_ACTIVE_COMPILATION_CONDITIONS = DEBUG;
				SWIFT_OPTIMIZATION_LEVEL = "-Onone";
			};
			name = Debug;
		};
		18B4F9C521C7719E00A49B94 /* Release */ = {
			isa = XCBuildConfiguration;
			buildSettings = {
				ALWAYS_SEARCH_USER_PATHS = NO;
				CLANG_ANALYZER_NONNULL = YES;
				CLANG_ANALYZER_NUMBER_OBJECT_CONVERSION = YES_AGGRESSIVE;
				CLANG_CXX_LANGUAGE_STANDARD = "gnu++14";
				CLANG_CXX_LIBRARY = "libc++";
				CLANG_ENABLE_MODULES = YES;
				CLANG_ENABLE_OBJC_ARC = YES;
				CLANG_ENABLE_OBJC_WEAK = YES;
				CLANG_WARN_BLOCK_CAPTURE_AUTORELEASING = YES;
				CLANG_WARN_BOOL_CONVERSION = YES;
				CLANG_WARN_COMMA = YES;
				CLANG_WARN_CONSTANT_CONVERSION = YES;
				CLANG_WARN_DEPRECATED_OBJC_IMPLEMENTATIONS = YES;
				CLANG_WARN_DIRECT_OBJC_ISA_USAGE = YES_ERROR;
				CLANG_WARN_DOCUMENTATION_COMMENTS = YES;
				CLANG_WARN_EMPTY_BODY = YES;
				CLANG_WARN_ENUM_CONVERSION = YES;
				CLANG_WARN_INFINITE_RECURSION = YES;
				CLANG_WARN_INT_CONVERSION = YES;
				CLANG_WARN_NON_LITERAL_NULL_CONVERSION = YES;
				CLANG_WARN_OBJC_IMPLICIT_RETAIN_SELF = YES;
				CLANG_WARN_OBJC_LITERAL_CONVERSION = YES;
				CLANG_WARN_OBJC_ROOT_CLASS = YES_ERROR;
				CLANG_WARN_RANGE_LOOP_ANALYSIS = YES;
				CLANG_WARN_STRICT_PROTOTYPES = YES;
				CLANG_WARN_SUSPICIOUS_MOVE = YES;
				CLANG_WARN_UNGUARDED_AVAILABILITY = YES_AGGRESSIVE;
				CLANG_WARN_UNREACHABLE_CODE = YES;
				CLANG_WARN__DUPLICATE_METHOD_MATCH = YES;
				CODE_SIGN_IDENTITY = "iPhone Developer";
				COPY_PHASE_STRIP = NO;
				DEBUG_INFORMATION_FORMAT = "dwarf-with-dsym";
				ENABLE_NS_ASSERTIONS = NO;
				ENABLE_STRICT_OBJC_MSGSEND = YES;
				GCC_C_LANGUAGE_STANDARD = gnu11;
				GCC_NO_COMMON_BLOCKS = YES;
				GCC_WARN_64_TO_32_BIT_CONVERSION = YES;
				GCC_WARN_ABOUT_RETURN_TYPE = YES_ERROR;
				GCC_WARN_UNDECLARED_SELECTOR = YES;
				GCC_WARN_UNINITIALIZED_AUTOS = YES_AGGRESSIVE;
				GCC_WARN_UNUSED_FUNCTION = YES;
				GCC_WARN_UNUSED_VARIABLE = YES;
				IPHONEOS_DEPLOYMENT_TARGET = 12.1;
				MTL_ENABLE_DEBUG_INFO = NO;
				MTL_FAST_MATH = YES;
				SDKROOT = iphoneos;
				SWIFT_COMPILATION_MODE = wholemodule;
				SWIFT_OPTIMIZATION_LEVEL = "-O";
				VALIDATE_PRODUCT = YES;
			};
			name = Release;
		};
		18B4F9C721C7719E00A49B94 /* Debug */ = {
			isa = XCBuildConfiguration;
			buildSettings = {
				ASSETCATALOG_COMPILER_APPICON_NAME = AppIcon;
				CODE_SIGN_STYLE = Automatic;
				DEVELOPMENT_TEAM = KFR6RWC37Z;
				INFOPLIST_FILE = Segments/Info.plist;
				LD_RUNPATH_SEARCH_PATHS = (
					"$(inherited)",
					"@executable_path/Frameworks",
				);
				PRODUCT_BUNDLE_IDENTIFIER = Seraphic.Segments;
				PRODUCT_NAME = "$(TARGET_NAME)";
				SWIFT_VERSION = 4.2;
				TARGETED_DEVICE_FAMILY = "1,2";
			};
			name = Debug;
		};
		18B4F9C821C7719E00A49B94 /* Release */ = {
			isa = XCBuildConfiguration;
			buildSettings = {
				ASSETCATALOG_COMPILER_APPICON_NAME = AppIcon;
				CODE_SIGN_STYLE = Automatic;
				DEVELOPMENT_TEAM = KFR6RWC37Z;
				INFOPLIST_FILE = Segments/Info.plist;
				LD_RUNPATH_SEARCH_PATHS = (
					"$(inherited)",
					"@executable_path/Frameworks",
				);
				PRODUCT_BUNDLE_IDENTIFIER = Seraphic.Segments;
				PRODUCT_NAME = "$(TARGET_NAME)";
				SWIFT_VERSION = 4.2;
				TARGETED_DEVICE_FAMILY = "1,2";
			};
			name = Release;
		};
		18B4F9CA21C7719E00A49B94 /* Debug */ = {
			isa = XCBuildConfiguration;
			buildSettings = {
				ALWAYS_EMBED_SWIFT_STANDARD_LIBRARIES = YES;
				BUNDLE_LOADER = "$(TEST_HOST)";
				CODE_SIGN_STYLE = Automatic;
				DEVELOPMENT_TEAM = KFR6RWC37Z;
				INFOPLIST_FILE = SegmentsTests/Info.plist;
				LD_RUNPATH_SEARCH_PATHS = (
					"$(inherited)",
					"@executable_path/Frameworks",
					"@loader_path/Frameworks",
				);
				PRODUCT_BUNDLE_IDENTIFIER = Seraphic.SegmentsTests;
				PRODUCT_NAME = "$(TARGET_NAME)";
				SWIFT_VERSION = 4.2;
				TARGETED_DEVICE_FAMILY = "1,2";
				TEST_HOST = "$(BUILT_PRODUCTS_DIR)/Segments.app/Segments";
			};
			name = Debug;
		};
		18B4F9CB21C7719E00A49B94 /* Release */ = {
			isa = XCBuildConfiguration;
			buildSettings = {
				ALWAYS_EMBED_SWIFT_STANDARD_LIBRARIES = YES;
				BUNDLE_LOADER = "$(TEST_HOST)";
				CODE_SIGN_STYLE = Automatic;
				DEVELOPMENT_TEAM = KFR6RWC37Z;
				INFOPLIST_FILE = SegmentsTests/Info.plist;
				LD_RUNPATH_SEARCH_PATHS = (
					"$(inherited)",
					"@executable_path/Frameworks",
					"@loader_path/Frameworks",
				);
				PRODUCT_BUNDLE_IDENTIFIER = Seraphic.SegmentsTests;
				PRODUCT_NAME = "$(TARGET_NAME)";
				SWIFT_VERSION = 4.2;
				TARGETED_DEVICE_FAMILY = "1,2";
				TEST_HOST = "$(BUILT_PRODUCTS_DIR)/Segments.app/Segments";
			};
			name = Release;
		};
		18B4F9CD21C7719E00A49B94 /* Debug */ = {
			isa = XCBuildConfiguration;
			buildSettings = {
				ALWAYS_EMBED_SWIFT_STANDARD_LIBRARIES = YES;
				CODE_SIGN_STYLE = Automatic;
				DEVELOPMENT_TEAM = KFR6RWC37Z;
				INFOPLIST_FILE = SegmentsUITests/Info.plist;
				LD_RUNPATH_SEARCH_PATHS = (
					"$(inherited)",
					"@executable_path/Frameworks",
					"@loader_path/Frameworks",
				);
				PRODUCT_BUNDLE_IDENTIFIER = Seraphic.SegmentsUITests;
				PRODUCT_NAME = "$(TARGET_NAME)";
				SWIFT_VERSION = 4.2;
				TARGETED_DEVICE_FAMILY = "1,2";
				TEST_TARGET_NAME = Segments;
			};
			name = Debug;
		};
		18B4F9CE21C7719E00A49B94 /* Release */ = {
			isa = XCBuildConfiguration;
			buildSettings = {
				ALWAYS_EMBED_SWIFT_STANDARD_LIBRARIES = YES;
				CODE_SIGN_STYLE = Automatic;
				DEVELOPMENT_TEAM = KFR6RWC37Z;
				INFOPLIST_FILE = SegmentsUITests/Info.plist;
				LD_RUNPATH_SEARCH_PATHS = (
					"$(inherited)",
					"@executable_path/Frameworks",
					"@loader_path/Frameworks",
				);
				PRODUCT_BUNDLE_IDENTIFIER = Seraphic.SegmentsUITests;
				PRODUCT_NAME = "$(TARGET_NAME)";
				SWIFT_VERSION = 4.2;
				TARGETED_DEVICE_FAMILY = "1,2";
				TEST_TARGET_NAME = Segments;
			};
			name = Release;
		};
/* End XCBuildConfiguration section */

/* Begin XCConfigurationList section */
		18B4F99921C7719B00A49B94 /* Build configuration list for PBXProject "Segments" */ = {
			isa = XCConfigurationList;
			buildConfigurations = (
				18B4F9C421C7719E00A49B94 /* Debug */,
				18B4F9C521C7719E00A49B94 /* Release */,
			);
			defaultConfigurationIsVisible = 0;
			defaultConfigurationName = Release;
		};
		18B4F9C621C7719E00A49B94 /* Build configuration list for PBXNativeTarget "Segments" */ = {
			isa = XCConfigurationList;
			buildConfigurations = (
				18B4F9C721C7719E00A49B94 /* Debug */,
				18B4F9C821C7719E00A49B94 /* Release */,
			);
			defaultConfigurationIsVisible = 0;
			defaultConfigurationName = Release;
		};
		18B4F9C921C7719E00A49B94 /* Build configuration list for PBXNativeTarget "SegmentsTests" */ = {
			isa = XCConfigurationList;
			buildConfigurations = (
				18B4F9CA21C7719E00A49B94 /* Debug */,
				18B4F9CB21C7719E00A49B94 /* Release */,
			);
			defaultConfigurationIsVisible = 0;
			defaultConfigurationName = Release;
		};
		18B4F9CC21C7719E00A49B94 /* Build configuration list for PBXNativeTarget "SegmentsUITests" */ = {
			isa = XCConfigurationList;
			buildConfigurations = (
				18B4F9CD21C7719E00A49B94 /* Debug */,
				18B4F9CE21C7719E00A49B94 /* Release */,
			);
			defaultConfigurationIsVisible = 0;
			defaultConfigurationName = Release;
		};
/* End XCConfigurationList section */
	};
	rootObject = 18B4F99621C7719B00A49B94 /* Project object */;
}
